PODS:
  - Alamofire (5.6.2)
  - AttributedString (3.3.3)
  - Cache (6.0.0)
  - CryptoSwift (1.6.0)
  - DaisyNet (1.0.5):
    - Alamofire (>= 5.0.0)
    - Cache (>= 6.0.0)
  - Deviice (2.1.0)
  - EFColorPicker (5.2.2)
  - EFFoundation (1.4.12):
    - EFFoundation/Core (= 1.4.12)
  - EFFoundation/Core (1.4.12)
  - EFQRCode (6.2.1):
    - swift_qrcodejs (~> 2.2.2)
  - FDFullscreenPopGesture (1.1)
  - FFmpeg (5.1):
    - FFmpeg/FFmpeg (= 5.1)
  - FFmpeg/FFmpeg (5.1):
    - OpenSSL
  - FSPagerView (0.8.3)
  - HandyJSON (5.0.4-beta)
  - JitsiMeetSDK (4.1.0)
  - JXSegmentedView (1.3.0)
  - KakaJSON (1.1.2)
  - KeychainAccess (4.2.2)
  - Kingfisher (7.6.2)
  - KSPlayer (1.0):
    - KSPlayer/Audio (= 1.0)
    - KSPlayer/AVPlayer (= 1.0)
    - KSPlayer/Core (= 1.0)
    - KSPlayer/MEPlayer (= 1.0)
    - KSPlayer/Metal (= 1.0)
    - KSPlayer/Subtitle (= 1.0)
    - KSPlayer/SwiftUI (= 1.0)
    - KSPlayer/Video (= 1.0)
  - KSPlayer/Audio (1.0):
    - KSPlayer/Core
  - KSPlayer/AVPlayer (1.0)
  - KSPlayer/Core (1.0):
    - KSPlayer/AVPlayer
  - KSPlayer/MEPlayer (1.0):
    - FFmpeg
    - KSPlayer/AVPlayer
    - KSPlayer/Metal
    - KSPlayer/Subtitle
  - KSPlayer/Metal (1.0)
  - KSPlayer/Subtitle (1.0)
  - KSPlayer/SwiftUI (1.0):
    - KSPlayer/AVPlayer
  - KSPlayer/Video (1.0):
    - KSPlayer/Core
    - KSPlayer/Subtitle
  - LFPhoneInfo (0.1.9)
  - LookinServer (1.0.6)
  - lottie-ios (4.1.3)
  - Luminous (2.2.0):
    - Deviice (>= 2.0.0)
  - MJRefresh (3.7.5)
  - Moya (15.0.0):
    - Moya/Core (= 15.0.0)
  - Moya/Core (15.0.0):
    - Alamofire (~> 5.0)
  - OpenSSL (3.0.2):
    - OpenSSL/OpenSSL (= 3.0.2)
  - OpenSSL/OpenSSL (3.0.2)
  - PhoneNumberKit (3.3.4):
    - PhoneNumberKit/PhoneNumberKitCore (= 3.3.4)
    - PhoneNumberKit/UIKit (= 3.3.4)
  - PhoneNumberKit/PhoneNumberKitCore (3.3.4)
  - PhoneNumberKit/UIKit (3.3.4):
    - PhoneNumberKit/PhoneNumberKitCore
  - PINCache (3.0.3):
    - PINCache/Arc-exception-safe (= 3.0.3)
    - PINCache/Core (= 3.0.3)
  - PINCache/Arc-exception-safe (3.0.3):
    - PINCache/Core
  - PINCache/Core (3.0.3):
    - PINOperation (~> 1.2.1)
  - PINOperation (1.2.1)
  - PINRemoteImage/Core (3.0.3):
    - PINOperation
  - PINRemoteImage/iOS (3.0.3):
    - PINRemoteImage/Core
  - PINRemoteImage/PINCache (3.0.3):
    - PINCache (~> 3.0.3)
    - PINRemoteImage/Core
  - PKHUD (5.3.0)
  - PromiseKit (6.18.1):
    - PromiseKit/CorePromise (= 6.18.1)
    - PromiseKit/Foundation (= 6.18.1)
    - PromiseKit/UIKit (= 6.18.1)
  - PromiseKit/CorePromise (6.18.1)
  - PromiseKit/Foundation (6.18.1):
    - PromiseKit/CorePromise
  - PromiseKit/UIKit (6.18.1):
    - PromiseKit/CorePromise
  - Protobuf (3.19.6)
  - PureLayout (3.1.9)
  - QuickTableViewController (1.3.1)
  - RxCocoa (6.5.0):
    - RxRelay (= 6.5.0)
    - RxSwift (= 6.5.0)
  - RxRelay (6.5.0):
    - RxSwift (= 6.5.0)
  - RxSwift (6.5.0)
  - SDWebImage (5.13.4):
    - SDWebImage/Core (= 5.13.4)
  - SDWebImage/Core (5.13.4)
  - SnapKit (5.6.0)
  - SparrowKit (3.6.0)
  - SPConfetti (1.4.0)
  - SPDiffable (4.1.2)
  - SPPermissions (7.1.5):
    - SPPermissions/Core (= 7.1.5)
  - SPPermissions/Bluetooth (7.1.5):
    - SPPermissions/Core
  - SPPermissions/Calendar (7.1.5):
    - SPPermissions/Core
  - SPPermissions/Camera (7.1.5):
    - SPPermissions/Core
  - SPPermissions/Contacts (7.1.5):
    - SPPermissions/Core
  - SPPermissions/Core (7.1.5)
  - SPPermissions/Health (7.1.5):
    - SPPermissions/Core
  - SPPermissions/LocationAlways (7.1.5):
    - SPPermissions/Core
    - SPPermissions/LocationExtension
  - SPPermissions/LocationExtension (7.1.5)
  - SPPermissions/LocationWhenInUse (7.1.5):
    - SPPermissions/Core
    - SPPermissions/LocationExtension
  - SPPermissions/Microphone (7.1.5):
    - SPPermissions/Core
  - SPPermissions/Motion (7.1.5):
    - SPPermissions/Core
  - SPPermissions/Music (7.1.5):
    - SPPermissions/Core
  - SPPermissions/Notification (7.1.5):
    - SPPermissions/Core
  - SPPermissions/PhotoLibrary (7.1.5):
    - SPPermissions/Core
  - SPPermissions/Reminders (7.1.5):
    - SPPermissions/Core
  - SPPermissions/Siri (7.1.5):
    - SPPermissions/Core
  - SPPermissions/SpeechRecognizer (7.1.5):
    - SPPermissions/Core
  - SPPermissions/Tracking (7.1.5):
    - SPPermissions/Core
  - SSZipArchive (2.4.3)
  - Swift_Log (0.8.0)
  - SwiftBrick/Extensions (2.1.1):
    - SnapKit
    - SwiftBrick/Util
  - SwiftBrick/Util (2.1.1):
    - SnapKit
  - SwiftBrick/ViewFactory (2.1.1):
    - SnapKit
    - SwiftBrick/Extensions
    - SwiftBrick/Util
  - SwiftGuideView (0.8.1):
    - SnapKit
    - SwiftPageView
  - SwiftLint (0.49.1)
  - SwiftMediator (1.1.4)
  - SwiftPageView (0.9.0)
  - SwiftyJSON (5.0.1)
  - TangramKit (1.4.2)
  - Texture (3.1.0):
    - Texture/AssetsLibrary (= 3.1.0)
    - Texture/Core (= 3.1.0)
    - Texture/MapKit (= 3.1.0)
    - Texture/Photos (= 3.1.0)
    - Texture/PINRemoteImage (= 3.1.0)
    - Texture/Video (= 3.1.0)
  - Texture/AssetsLibrary (3.1.0):
    - Texture/Core
  - Texture/Core (3.1.0)
  - Texture/MapKit (3.1.0):
    - Texture/Core
  - Texture/Photos (3.1.0):
    - Texture/Core
  - Texture/PINRemoteImage (3.1.0):
    - PINRemoteImage/iOS (~> 3.0.0)
    - PINRemoteImage/PINCache
    - Texture/Core
  - Texture/Video (3.1.0):
    - Texture/Core
  - Then (3.0.0)
  - Tiercel (3.2.5)
  - Toast-Swift (5.0.1)
  - TXIMSDK_iOS (5.1.62)
  - TXScrollLabelView (1.3.2)
  - VIMediaCache (0.4)
  - XYNav (1.2.0)
  - YYCache (1.0.4)
  - YYImage (1.0.4):
    - YYImage/Core (= 1.0.4)
  - YYImage/Core (1.0.4)
  - YYWebImage (1.0.5):
    - YYCache
    - YYImage
  - ZLPhotoBrowser (4.3.7):
    - ZLPhotoBrowser/Core (= 4.3.7)
  - ZLPhotoBrowser/Core (4.3.7)
  - ZXRequestBlock (1.0.2)

DEPENDENCIES:
  - Alamofire (~> 5.6.2)
  - AttributedString
  - Cache (~> 6.0.0)
  - CryptoSwift (~> 1.6.0)
  - DaisyNet
  - EFColorPicker
  - EFFoundation
  - EFQRCode (~> 6.2.0)
  - FDFullscreenPopGesture (= 1.1)
  - FFmpeg (from `https://github.com/kingslay/KSPlayer.git`, branch `develop`)
  - FSPagerView
  - HandyJSON (~> 5.0.4-beta)
  - JitsiMeetSDK (~> 4.1.0)
  - JXSegmentedView
  - KakaJSON (~> 1.1.2)
  - KeychainAccess
  - Kingfisher (~> 7.6.2)
  - KSPlayer (from `https://github.com/kingslay/KSPlayer.git`, branch `develop`)
  - LFPhoneInfo
  - LookinServer
  - lottie-ios
  - Luminous
  - MJRefresh
  - Moya (~> 15.0)
  - OpenSSL (from `https://github.com/kingslay/KSPlayer.git`, branch `develop`)
  - PhoneNumberKit (~> 3.3.4)
  - PKHUD (~> 5.3.0)
  - PromiseKit (~> 6.18.1)
  - Protobuf (~> 3.19.6)
  - PureLayout
  - QuickTableViewController
  - RxCocoa (~> 6.5.0)
  - RxSwift (~> 6.5.0)
  - SDWebImage
  - SnapKit (~> 5.6.0)
  - SparrowKit
  - SPConfetti
  - SPDiffable
  - SPPermissions
  - SPPermissions/Bluetooth
  - SPPermissions/Calendar
  - SPPermissions/Camera
  - SPPermissions/Contacts
  - SPPermissions/Health
  - SPPermissions/LocationAlways
  - SPPermissions/LocationWhenInUse
  - SPPermissions/Microphone
  - SPPermissions/Motion
  - SPPermissions/Music
  - SPPermissions/Notification
  - SPPermissions/PhotoLibrary
  - SPPermissions/Reminders
  - SPPermissions/Siri
  - SPPermissions/SpeechRecognizer
  - SPPermissions/Tracking
  - SSZipArchive
  - Swift_Log
  - SwiftBrick/ViewFactory
  - SwiftGuideView
  - SwiftLint
  - SwiftMediator
  - SwiftyJSON (~> 5.0.1)
  - TangramKit
  - Texture (~> 3.1.0)
  - Then
  - Tiercel (~> 3.2.5)
  - Toast-Swift
  - TXIMSDK_iOS
  - TXScrollLabelView
  - VIMediaCache (~> 0.4)
  - XYNav
  - YYWebImage
  - ZLPhotoBrowser (~> 4.3.7)
  - ZXRequestBlock

SPEC REPOS:
  trunk:
    - Alamofire
    - AttributedString
    - Cache
    - CryptoSwift
    - DaisyNet
    - Deviice
    - EFColorPicker
    - EFFoundation
    - EFQRCode
    - FDFullscreenPopGesture
    - FSPagerView
    - HandyJSON
    - JitsiMeetSDK
    - JXSegmentedView
    - KakaJSON
    - KeychainAccess
    - Kingfisher
    - LFPhoneInfo
    - LookinServer
    - lottie-ios
    - Luminous
    - MJRefresh
    - Moya
    - PhoneNumberKit
    - PINCache
    - PINOperation
    - PINRemoteImage
    - PKHUD
    - PromiseKit
    - Protobuf
    - PureLayout
    - QuickTableViewController
    - RxCocoa
    - RxRelay
    - RxSwift
    - SDWebImage
    - SnapKit
    - SparrowKit
    - SPConfetti
    - SPDiffable
    - SPPermissions
    - SSZipArchive
    - Swift_Log
    - SwiftBrick
    - SwiftGuideView
    - SwiftLint
    - SwiftMediator
    - SwiftPageView
    - SwiftyJSON
    - TangramKit
    - Texture
    - Then
    - Tiercel
    - Toast-Swift
    - TXIMSDK_iOS
    - TXScrollLabelView
    - VIMediaCache
    - XYNav
    - YYCache
    - YYImage
    - YYWebImage
    - ZLPhotoBrowser
    - ZXRequestBlock

EXTERNAL SOURCES:
  FFmpeg:
    :branch: develop
    :git: https://github.com/kingslay/KSPlayer.git
  KSPlayer:
    :branch: develop
    :git: https://github.com/kingslay/KSPlayer.git
  OpenSSL:
    :branch: develop
    :git: https://github.com/kingslay/KSPlayer.git

CHECKOUT OPTIONS:
  FFmpeg:
    :commit: 2e568b6b7f390aea51b9463509644c0816ec7763
    :git: https://github.com/kingslay/KSPlayer.git
  KSPlayer:
    :commit: 2e568b6b7f390aea51b9463509644c0816ec7763
    :git: https://github.com/kingslay/KSPlayer.git
  OpenSSL:
    :commit: 2e568b6b7f390aea51b9463509644c0816ec7763
    :git: https://github.com/kingslay/KSPlayer.git

SPEC CHECKSUMS:
  Alamofire: d368e1ff8a298e6dde360e35a3e68e6c610e7204
  AttributedString: 41b0d53d596570ec7462c84af3f25e0c02a7bc2c
  Cache: 4ca7e00363fca5455f26534e5607634c820ffc2d
  CryptoSwift: 562f8eceb40e80796fffc668b0cad9313284cfa6
  DaisyNet: 25da1cd555971cdd930160e976fa8bc738a137cc
  Deviice: fe365bee102bcd390e7f5cd055b46f1bd4e20b69
  EFColorPicker: 6a67701ea834bd9b6f4c3e29aa2e78a6d4ea88f4
  EFFoundation: 1928fa7598bd715cce6af3a21e73e3d85b2e389f
  EFQRCode: a4d39ec3466b68dffa71de3b5caef7c9ceefdc53
  FDFullscreenPopGesture: a8a620179e3d9c40e8e00256dcee1c1a27c6d0f0
  FFmpeg: afdcf31638c1a6a0253eaf9505983e21a3a5d2c1
  FSPagerView: 670405b2f18e2a87fa37f20b00de783e562c25a8
  HandyJSON: a9c67202df97805a0ba4a00e30b50e9a30ac28f3
  JitsiMeetSDK: 0716f9a49278330a57d8b28304f78c25ae5ab963
  JXSegmentedView: fec0d335355b6e019c494fe2e030bde8a36d2df6
  KakaJSON: cc5ff50a8c1cfbb09413db8496cb709a209e6137
  KeychainAccess: c0c4f7f38f6fc7bbe58f5702e25f7bd2f65abf51
  Kingfisher: 6c5449c6450c5239166510ba04afe374a98afc4f
  KSPlayer: d0ee11093f3230cc235a3f555f5c4aee9052265e
  LFPhoneInfo: 0b65b3165de77e03aaa2b2731c2ef8802958ee8d
  LookinServer: 18155b1e4a08213c236a1dd6b7ca52328a70a1e3
  lottie-ios: d0954d3150061f662ed0adf96ef98d7421864c47
  Luminous: 22b449577c9de4ea2d2eda87add34fbc50115a97
  MJRefresh: fdf5e979eb406a0341468932d1dfc8b7f9fce961
  Moya: 138f0573e53411fb3dc17016add0b748dfbd78ee
  OpenSSL: 9637184330c49c5862fc0bb383005bd55e5a2335
  PhoneNumberKit: 441e8b26ec88d598e3591de9061eff18f5dd12e8
  PINCache: 7a8fc1a691173d21dbddbf86cd515de6efa55086
  PINOperation: 00c935935f1e8cf0d1e2d6b542e75b88fc3e5e20
  PINRemoteImage: f1295b29f8c5e640e25335a1b2bd9d805171bd01
  PKHUD: 98f3e4bc904b9c916f1c5bb6d765365b5357291b
  PromiseKit: 49d70c53d5d20e346beaea4b276b5dd2ab446bb4
  Protobuf: 02952fdf4b141d192b1351d8ef33749c9a01e034
  PureLayout: 5fb5e5429519627d60d079ccb1eaa7265ce7cf88
  QuickTableViewController: 25e698de1546c2b829c543d91b64ebc6e884acfc
  RxCocoa: 94f817b71c07517321eb4f9ad299112ca8af743b
  RxRelay: 1de1523e604c72b6c68feadedd1af3b1b4d0ecbd
  RxSwift: 5710a9e6b17f3c3d6e40d6e559b9fa1e813b2ef8
  SDWebImage: e5cc87bf736e60f49592f307bdf9e157189298a3
  SnapKit: e01d52ebb8ddbc333eefe2132acf85c8227d9c25
  SparrowKit: f66d73beb10b025b699d2dce635e18a1958aab94
  SPConfetti: 4ba720ff652d960f59c3e4eadee2c0c3ef6ce9a4
  SPDiffable: 0ebb1f37a16dfcdf334209ae9ded93a6d2d19ed2
  SPPermissions: c63ac1132badad39917de03a3c9dc2429ace94be
  SSZipArchive: fe6a26b2a54d5a0890f2567b5cc6de5caa600aef
  Swift_Log: 82d84e33c65b0a1bc3bb7cf5b7ce225218fa8f1f
  SwiftBrick: 3d9cee01330bc3bea00ed2fa636b7f8c8a730c33
  SwiftGuideView: 4bea1ea1047b136a5a2c6ba386be4545c36de760
  SwiftLint: 32ee33ded0636d0905ef6911b2b67bbaeeedafa5
  SwiftMediator: 2aa103907cedecd8c87f23fa3386fe08da066d2a
  SwiftPageView: 93565d3f5c770366547b0bf9b1cd77122a7fb1ea
  SwiftyJSON: 2f33a42c6fbc52764d96f13368585094bfd8aa5e
  TangramKit: aad3ab8f9617418c9da96d59cddd71134ae8af83
  Texture: 2e8ab2519452515f7f5a520f5a8f7e0a413abfa3
  Then: 844265ae87834bbe1147d91d5d41a404da2ec27d
  Tiercel: c0a73f876a72800333b15f4e7e48791f4ad21e90
  Toast-Swift: 9b6a70f28b3bf0b96c40d46c0c4b9d6639846711
  TXIMSDK_iOS: 4016cc84a61db57fc8ca024becf47ad229bbeef1
  TXScrollLabelView: 0e1650caf61198bf5dc0938ea6493254aeb80f90
  VIMediaCache: aa650f82cb114c68a343beb4e67416cf5eb2f3a2
  XYNav: cd632211142b8c20c116218ced311dcf099a4077
  YYCache: 8105b6638f5e849296c71f331ff83891a4942952
  YYImage: 1e1b62a9997399593e4b9c4ecfbbabbf1d3f3b54
  YYWebImage: 5f7f36aee2ae293f016d418c7d6ba05c4863e928
  ZLPhotoBrowser: f571bdaec6d0b64ae94a29787e4c7cbd8900d10f
  ZXRequestBlock: 7d9adb43e7de17f1e4d6571c87a08a2859b253ef

PODFILE CHECKSUM: f2a4bcac00d9be2c4b9549c9e3d185fcc4acbae9

COCOAPODS: 1.12.1
