// !$*UTF8*$!
{
	archiveVersion = 1;
	classes = {
	};
	objectVersion = 51;
	objects = {

/* Begin PBXBuildFile section */
		6328303226B1060F0041F5BF /* MetalKit.framework in Frameworks */ = {isa = PBXBuildFile; fileRef = 6328303126B1060F0041F5BF /* MetalKit.framework */; };
		6328303526B125210041F5BF /* TVListVC.swift in Sources */ = {isa = PBXBuildFile; fileRef = 6328303426B125210041F5BF /* TVListVC.swift */; };
		6328303E26B127100041F5BF /* cn.m3u in Resources */ = {isa = PBXBuildFile; fileRef = 6328303D26B127100041F5BF /* cn.m3u */; };
		6328305C26B16FAA0041F5BF /* 123.html in Resources */ = {isa = PBXBuildFile; fileRef = 6328303F26B16FAA0041F5BF /* 123.html */; };
		6328305D26B16FAA0041F5BF /* vendors_main.c2c699b3fe57ccb8281f.js in Resources */ = {isa = PBXBuildFile; fileRef = 6328304126B16FAA0041F5BF /* vendors_main.c2c699b3fe57ccb8281f.js */; };
		6328305E26B16FAA0041F5BF /* 4.340df4e8.chunk.css in Resources */ = {isa = PBXBuildFile; fileRef = 6328304226B16FAA0041F5BF /* 4.340df4e8.chunk.css */; };
		6328305F26B16FAA0041F5BF /* images_8a6e68f1.6451261237807196528b.js in Resources */ = {isa = PBXBuildFile; fileRef = 6328304326B16FAA0041F5BF /* images_8a6e68f1.6451261237807196528b.js */; };
		6328306026B16FAA0041F5BF /* [index].2fb4b723.chunk.css in Resources */ = {isa = PBXBuildFile; fileRef = 6328304426B16FAA0041F5BF /* [index].2fb4b723.chunk.css */; };
		6328306126B16FAA0041F5BF /* _app.2c752c5a.chunk.css in Resources */ = {isa = PBXBuildFile; fileRef = 6328304526B16FAA0041F5BF /* _app.2c752c5a.chunk.css */; };
		6328306226B16FAA0041F5BF /* 2.f4a6fcb05c2466249790.js in Resources */ = {isa = PBXBuildFile; fileRef = 6328304626B16FAA0041F5BF /* 2.f4a6fcb05c2466249790.js */; };
		6328306326B16FAA0041F5BF /* [index].9e84e0fc3226dcee7adc.js in Resources */ = {isa = PBXBuildFile; fileRef = 6328304726B16FAA0041F5BF /* [index].9e84e0fc3226dcee7adc.js */; };
		6328306426B16FAA0041F5BF /* [index]-14677d744322fa29edab.js in Resources */ = {isa = PBXBuildFile; fileRef = 6328304826B16FAA0041F5BF /* [index]-14677d744322fa29edab.js */; };
		6328306526B16FAA0041F5BF /* login.788abab0f8583ade9f3d.js in Resources */ = {isa = PBXBuildFile; fileRef = 6328304926B16FAA0041F5BF /* login.788abab0f8583ade9f3d.js */; };
		6328306626B16FAA0041F5BF /* e_25e02703.f2efbac7b2acfa570282.js in Resources */ = {isa = PBXBuildFile; fileRef = 6328304A26B16FAA0041F5BF /* e_25e02703.f2efbac7b2acfa570282.js */; };
		6328306726B16FAA0041F5BF /* [...value].a47f4c620948206b0737.js in Resources */ = {isa = PBXBuildFile; fileRef = 6328304B26B16FAA0041F5BF /* [...value].a47f4c620948206b0737.js */; };
		6328306826B16FAA0041F5BF /* _ssgManifest.js in Resources */ = {isa = PBXBuildFile; fileRef = 6328304C26B16FAA0041F5BF /* _ssgManifest.js */; };
		6328306926B16FAA0041F5BF /* [...value]_42ee8ae3.72c6e3ef478c2b8b7f37.js in Resources */ = {isa = PBXBuildFile; fileRef = 6328304D26B16FAA0041F5BF /* [...value]_42ee8ae3.72c6e3ef478c2b8b7f37.js */; };
		6328306A26B16FAA0041F5BF /* iosBeta.7a194ab3b377cc61d66f.js in Resources */ = {isa = PBXBuildFile; fileRef = 6328304E26B16FAA0041F5BF /* iosBeta.7a194ab3b377cc61d66f.js */; };
		6328306B26B16FAA0041F5BF /* [...value]_d49bf158.1c19524f23e56726a569.js in Resources */ = {isa = PBXBuildFile; fileRef = 6328304F26B16FAA0041F5BF /* [...value]_d49bf158.1c19524f23e56726a569.js */; };
		6328306C26B16FAA0041F5BF /* _app.4ffbb07aea233ca49409.js in Resources */ = {isa = PBXBuildFile; fileRef = 6328305026B16FAA0041F5BF /* _app.4ffbb07aea233ca49409.js */; };
		6328306D26B16FAA0041F5BF /* polyfills-d8117228f5b0dae63159.js in Resources */ = {isa = PBXBuildFile; fileRef = 6328305126B16FAA0041F5BF /* polyfills-d8117228f5b0dae63159.js */; };
		6328306E26B16FAA0041F5BF /* main-cda4eead2144a2a420c5.js in Resources */ = {isa = PBXBuildFile; fileRef = 6328305226B16FAA0041F5BF /* main-cda4eead2144a2a420c5.js */; };
		6328306F26B16FAA0041F5BF /* _app.8932b2c4.chunk.css in Resources */ = {isa = PBXBuildFile; fileRef = 6328305326B16FAA0041F5BF /* _app.8932b2c4.chunk.css */; };
		6328307026B16FAA0041F5BF /* 4.0cc446367404be6415d2.js in Resources */ = {isa = PBXBuildFile; fileRef = 6328305426B16FAA0041F5BF /* 4.0cc446367404be6415d2.js */; };
		6328307126B16FAA0041F5BF /* [...value].f139963e.chunk.css in Resources */ = {isa = PBXBuildFile; fileRef = 6328305526B16FAA0041F5BF /* [...value].f139963e.chunk.css */; };
		6328307226B16FAA0041F5BF /* _app-e363bf75d54d7fadad3c.js in Resources */ = {isa = PBXBuildFile; fileRef = 6328305626B16FAA0041F5BF /* _app-e363bf75d54d7fadad3c.js */; };
		6328307326B16FAA0041F5BF /* webpack-196e0ae0a5743fd550a7.js in Resources */ = {isa = PBXBuildFile; fileRef = 6328305726B16FAA0041F5BF /* webpack-196e0ae0a5743fd550a7.js */; };
		6328307426B16FAA0041F5BF /* tyscm.2-1adfcde5ce.2.2.js in Resources */ = {isa = PBXBuildFile; fileRef = 6328305826B16FAA0041F5BF /* tyscm.2-1adfcde5ce.2.2.js */; };
		6328307526B16FAA0041F5BF /* vendors_polyfills.bd440854da42e82d065d.js in Resources */ = {isa = PBXBuildFile; fileRef = 6328305926B16FAA0041F5BF /* vendors_polyfills.bd440854da42e82d065d.js */; };
		6328307626B16FAA0041F5BF /* login.97dabcdb.chunk.css in Resources */ = {isa = PBXBuildFile; fileRef = 6328305A26B16FAA0041F5BF /* login.97dabcdb.chunk.css */; };
		6328307726B16FAA0041F5BF /* _buildManifest.js in Resources */ = {isa = PBXBuildFile; fileRef = 6328305B26B16FAA0041F5BF /* _buildManifest.js */; };
		6328307926B296120041F5BF /* DelegateMediator.swift in Sources */ = {isa = PBXBuildFile; fileRef = 6328307826B296120041F5BF /* DelegateMediator.swift */; };
		6328308026B2B0B10041F5BF /* PreviewController.swift in Sources */ = {isa = PBXBuildFile; fileRef = 6328307F26B2B0B10041F5BF /* PreviewController.swift */; };
		6328308326B2BD750041F5BF /* SPPermissionsVC.swift in Sources */ = {isa = PBXBuildFile; fileRef = 6328308226B2BD750041F5BF /* SPPermissionsVC.swift */; };
		6366E05526AFF59F00C40126 /* DownloadManager.swift in Sources */ = {isa = PBXBuildFile; fileRef = 6366E05426AFF59F00C40126 /* DownloadManager.swift */; };
		6366E05726B0043D00C40126 /* MTCacheManager.swift in Sources */ = {isa = PBXBuildFile; fileRef = 6366E05626B0043D00C40126 /* MTCacheManager.swift */; };
		63A6677B269861B4009235A3 /* AppDelegate.swift in Sources */ = {isa = PBXBuildFile; fileRef = 63A6677A269861B4009235A3 /* AppDelegate.swift */; };
		63A66784269861B5009235A3 /* Assets.xcassets in Resources */ = {isa = PBXBuildFile; fileRef = 63A66783269861B5009235A3 /* Assets.xcassets */; };
		63A66787269861B5009235A3 /* LaunchScreen.storyboard in Resources */ = {isa = PBXBuildFile; fileRef = 63A66785269861B5009235A3 /* LaunchScreen.storyboard */; };
		63A7739D26A6B5C7000DE05B /* MainVC.swift in Sources */ = {isa = PBXBuildFile; fileRef = 63A7739C26A6B5C7000DE05B /* MainVC.swift */; };
		63B3154B26A431E200F5D180 /* 333333.json in Resources */ = {isa = PBXBuildFile; fileRef = 63B3154626A431E200F5D180 /* 333333.json */; };
		63B3154C26A431E200F5D180 /* 444444.json in Resources */ = {isa = PBXBuildFile; fileRef = 63B3154726A431E200F5D180 /* 444444.json */; };
		63B3154D26A431E200F5D180 /* 1111111111.json in Resources */ = {isa = PBXBuildFile; fileRef = 63B3154826A431E200F5D180 /* 1111111111.json */; };
		63B3154E26A431E200F5D180 /* 22222.json in Resources */ = {isa = PBXBuildFile; fileRef = 63B3154926A431E200F5D180 /* 22222.json */; };
		63B3154F26A431E200F5D180 /* 5555555.json in Resources */ = {isa = PBXBuildFile; fileRef = 63B3154A26A431E200F5D180 /* 5555555.json */; };
		63B9A0AB26B4F6B9004AC889 /* WXZLPhoto.swift in Sources */ = {isa = PBXBuildFile; fileRef = 63B9A0AA26B4F6B9004AC889 /* WXZLPhoto.swift */; };
		63B9A0B426B4F74C004AC889 /* PhotoConfigureCNViewController.swift in Sources */ = {isa = PBXBuildFile; fileRef = 63B9A0AD26B4F74C004AC889 /* PhotoConfigureCNViewController.swift */; };
		63B9A0B526B4F74C004AC889 /* LanguagePickerView.swift in Sources */ = {isa = PBXBuildFile; fileRef = 63B9A0AE26B4F74C004AC889 /* LanguagePickerView.swift */; };
		63B9A0B626B4F74C004AC889 /* ZLCustomFilter.swift in Sources */ = {isa = PBXBuildFile; fileRef = 63B9A0AF26B4F74C004AC889 /* ZLCustomFilter.swift */; };
		63B9A0B726B4F74C004AC889 /* ImageCell.swift in Sources */ = {isa = PBXBuildFile; fileRef = 63B9A0B026B4F74C004AC889 /* ImageCell.swift */; };
		63B9A0B826B4F74C004AC889 /* PhotoConfigureViewController.swift in Sources */ = {isa = PBXBuildFile; fileRef = 63B9A0B126B4F74C004AC889 /* PhotoConfigureViewController.swift */; };
		63B9A0B926B4F74C004AC889 /* ImageStickerContainerView.swift in Sources */ = {isa = PBXBuildFile; fileRef = 63B9A0B226B4F74C004AC889 /* ImageStickerContainerView.swift */; };
		63B9A0BA26B4F74C004AC889 /* WeChatMomentDemoViewController.swift in Sources */ = {isa = PBXBuildFile; fileRef = 63B9A0B326B4F74C004AC889 /* WeChatMomentDemoViewController.swift */; };
		63B9A0BC26B517E0004AC889 /* PublishPostVC.swift in Sources */ = {isa = PBXBuildFile; fileRef = 63B9A0BB26B517E0004AC889 /* PublishPostVC.swift */; };
		63B9A0BE26B518D3004AC889 /* PublishPostScrollView.swift in Sources */ = {isa = PBXBuildFile; fileRef = 63B9A0BD26B518D3004AC889 /* PublishPostScrollView.swift */; };
		63B9A0C126B52B3B004AC889 /* PublishPostInputView.swift in Sources */ = {isa = PBXBuildFile; fileRef = 63B9A0C026B52B3B004AC889 /* PublishPostInputView.swift */; };
		63B9A0C326B52B8E004AC889 /* CommonTextView.swift in Sources */ = {isa = PBXBuildFile; fileRef = 63B9A0C226B52B8E004AC889 /* CommonTextView.swift */; };
		63B9A0C626B52C84004AC889 /* UIButton+Extension.swift in Sources */ = {isa = PBXBuildFile; fileRef = 63B9A0C526B52C84004AC889 /* UIButton+Extension.swift */; };
		63B9A0C826B52CD8004AC889 /* String+Encryption.swift in Sources */ = {isa = PBXBuildFile; fileRef = 63B9A0C726B52CD8004AC889 /* String+Encryption.swift */; };
		63B9A0CA26B52D46004AC889 /* Math+Extension.swift in Sources */ = {isa = PBXBuildFile; fileRef = 63B9A0C926B52D46004AC889 /* Math+Extension.swift */; };
		63B9A0CC26B52D6E004AC889 /* UIView+Xib.swift in Sources */ = {isa = PBXBuildFile; fileRef = 63B9A0CB26B52D6E004AC889 /* UIView+Xib.swift */; };
		63B9A0CE26B52DFF004AC889 /* PublishPostAddPicView.swift in Sources */ = {isa = PBXBuildFile; fileRef = 63B9A0CD26B52DFF004AC889 /* PublishPostAddPicView.swift */; };
		63B9A0D026B52EB2004AC889 /* PublishPostTopicCell.swift in Sources */ = {isa = PBXBuildFile; fileRef = 63B9A0CF26B52EB2004AC889 /* PublishPostTopicCell.swift */; };
		63B9A0D226B530DC004AC889 /* UIDevice+Extension.swift in Sources */ = {isa = PBXBuildFile; fileRef = 63B9A0D126B530DC004AC889 /* UIDevice+Extension.swift */; };
		63D6155526AC220C00CDBA38 /* AppDelegate+Download.swift in Sources */ = {isa = PBXBuildFile; fileRef = 63D6155426AC220C00CDBA38 /* AppDelegate+Download.swift */; };
		63D6155726AC253800CDBA38 /* DownLoadVC.swift in Sources */ = {isa = PBXBuildFile; fileRef = 63D6155626AC253800CDBA38 /* DownLoadVC.swift */; };
		63D6155926AC27A400CDBA38 /* BaseTableVC.swift in Sources */ = {isa = PBXBuildFile; fileRef = 63D6155826AC27A400CDBA38 /* BaseTableVC.swift */; };
		63D6155B26AC284500CDBA38 /* DownloadTaskCell.swift in Sources */ = {isa = PBXBuildFile; fileRef = 63D6155A26AC284500CDBA38 /* DownloadTaskCell.swift */; };
		63D6156526AD0CC400CDBA38 /* MediaPlay.swift in Sources */ = {isa = PBXBuildFile; fileRef = 63D6155F26AD0CC400CDBA38 /* MediaPlay.swift */; };
		63D6156626AD0CC400CDBA38 /* mediaCateModel.swift in Sources */ = {isa = PBXBuildFile; fileRef = 63D6156026AD0CC400CDBA38 /* mediaCateModel.swift */; };
		63D6156726AD0CC400CDBA38 /* MediaCollectionView.swift in Sources */ = {isa = PBXBuildFile; fileRef = 63D6156126AD0CC400CDBA38 /* MediaCollectionView.swift */; };
		63D6156826AD0CC400CDBA38 /* CommunityModel.swift in Sources */ = {isa = PBXBuildFile; fileRef = 63D6156226AD0CC400CDBA38 /* CommunityModel.swift */; };
		63D6156926AD0CC400CDBA38 /* HomeVidelItem.swift in Sources */ = {isa = PBXBuildFile; fileRef = 63D6156326AD0CC400CDBA38 /* HomeVidelItem.swift */; };
		63D6156A26AD0CC400CDBA38 /* mediaResModel.swift in Sources */ = {isa = PBXBuildFile; fileRef = 63D6156426AD0CC400CDBA38 /* mediaResModel.swift */; };
		63D615DD26AD13FA00CDBA38 /* VideoToolbox.framework in Frameworks */ = {isa = PBXBuildFile; fileRef = 63D615DC26AD13FA00CDBA38 /* VideoToolbox.framework */; };
		63D615DF26AD140100CDBA38 /* AudioToolbox.framework in Frameworks */ = {isa = PBXBuildFile; fileRef = 63D615DE26AD140100CDBA38 /* AudioToolbox.framework */; };
		63D616C626AD644A00CDBA38 /* DownLoadTabbar.swift in Sources */ = {isa = PBXBuildFile; fileRef = 63D616C526AD644A00CDBA38 /* DownLoadTabbar.swift */; };
		63D616C826AD662300CDBA38 /* DownLoadListVC.swift in Sources */ = {isa = PBXBuildFile; fileRef = 63D616C726AD662300CDBA38 /* DownLoadListVC.swift */; };
		DE7F6282F76BD3C938CD417C /* Pods_3332323.framework in Frameworks */ = {isa = PBXBuildFile; fileRef = 29E360D98108EDF26A267B1B /* Pods_3332323.framework */; };
/* End PBXBuildFile section */

/* Begin PBXFileReference section */
		29E360D98108EDF26A267B1B /* Pods_3332323.framework */ = {isa = PBXFileReference; explicitFileType = wrapper.framework; includeInIndex = 0; path = Pods_3332323.framework; sourceTree = BUILT_PRODUCTS_DIR; };
		51AE6A2AA0E2E431C2AAC1AF /* Pods-3332323.debug.xcconfig */ = {isa = PBXFileReference; includeInIndex = 1; lastKnownFileType = text.xcconfig; name = "Pods-3332323.debug.xcconfig"; path = "Target Support Files/Pods-3332323/Pods-3332323.debug.xcconfig"; sourceTree = "<group>"; };
		6328303126B1060F0041F5BF /* MetalKit.framework */ = {isa = PBXFileReference; lastKnownFileType = wrapper.framework; name = MetalKit.framework; path = System/Library/Frameworks/MetalKit.framework; sourceTree = SDKROOT; };
		6328303426B125210041F5BF /* TVListVC.swift */ = {isa = PBXFileReference; lastKnownFileType = sourcecode.swift; path = TVListVC.swift; sourceTree = "<group>"; };
		6328303D26B127100041F5BF /* cn.m3u */ = {isa = PBXFileReference; fileEncoding = 4; lastKnownFileType = text; path = cn.m3u; sourceTree = "<group>"; };
		6328303F26B16FAA0041F5BF /* 123.html */ = {isa = PBXFileReference; fileEncoding = 4; lastKnownFileType = text.html; path = 123.html; sourceTree = "<group>"; };
		6328304126B16FAA0041F5BF /* vendors_main.c2c699b3fe57ccb8281f.js */ = {isa = PBXFileReference; fileEncoding = 4; lastKnownFileType = sourcecode.javascript; path = vendors_main.c2c699b3fe57ccb8281f.js; sourceTree = "<group>"; };
		6328304226B16FAA0041F5BF /* 4.340df4e8.chunk.css */ = {isa = PBXFileReference; fileEncoding = 4; lastKnownFileType = text.css; path = 4.340df4e8.chunk.css; sourceTree = "<group>"; };
		6328304326B16FAA0041F5BF /* images_8a6e68f1.6451261237807196528b.js */ = {isa = PBXFileReference; fileEncoding = 4; lastKnownFileType = sourcecode.javascript; path = images_8a6e68f1.6451261237807196528b.js; sourceTree = "<group>"; };
		6328304426B16FAA0041F5BF /* [index].2fb4b723.chunk.css */ = {isa = PBXFileReference; fileEncoding = 4; lastKnownFileType = text.css; path = "[index].2fb4b723.chunk.css"; sourceTree = "<group>"; };
		6328304526B16FAA0041F5BF /* _app.2c752c5a.chunk.css */ = {isa = PBXFileReference; fileEncoding = 4; lastKnownFileType = text.css; path = _app.2c752c5a.chunk.css; sourceTree = "<group>"; };
		6328304626B16FAA0041F5BF /* 2.f4a6fcb05c2466249790.js */ = {isa = PBXFileReference; fileEncoding = 4; lastKnownFileType = sourcecode.javascript; path = 2.f4a6fcb05c2466249790.js; sourceTree = "<group>"; };
		6328304726B16FAA0041F5BF /* [index].9e84e0fc3226dcee7adc.js */ = {isa = PBXFileReference; fileEncoding = 4; lastKnownFileType = sourcecode.javascript; path = "[index].9e84e0fc3226dcee7adc.js"; sourceTree = "<group>"; };
		6328304826B16FAA0041F5BF /* [index]-14677d744322fa29edab.js */ = {isa = PBXFileReference; fileEncoding = 4; lastKnownFileType = sourcecode.javascript; path = "[index]-14677d744322fa29edab.js"; sourceTree = "<group>"; };
		6328304926B16FAA0041F5BF /* login.788abab0f8583ade9f3d.js */ = {isa = PBXFileReference; fileEncoding = 4; lastKnownFileType = sourcecode.javascript; path = login.788abab0f8583ade9f3d.js; sourceTree = "<group>"; };
		6328304A26B16FAA0041F5BF /* e_25e02703.f2efbac7b2acfa570282.js */ = {isa = PBXFileReference; fileEncoding = 4; lastKnownFileType = sourcecode.javascript; path = e_25e02703.f2efbac7b2acfa570282.js; sourceTree = "<group>"; };
		6328304B26B16FAA0041F5BF /* [...value].a47f4c620948206b0737.js */ = {isa = PBXFileReference; fileEncoding = 4; lastKnownFileType = sourcecode.javascript; path = "[...value].a47f4c620948206b0737.js"; sourceTree = "<group>"; };
		6328304C26B16FAA0041F5BF /* _ssgManifest.js */ = {isa = PBXFileReference; fileEncoding = 4; lastKnownFileType = sourcecode.javascript; path = _ssgManifest.js; sourceTree = "<group>"; };
		6328304D26B16FAA0041F5BF /* [...value]_42ee8ae3.72c6e3ef478c2b8b7f37.js */ = {isa = PBXFileReference; fileEncoding = 4; lastKnownFileType = sourcecode.javascript; path = "[...value]_42ee8ae3.72c6e3ef478c2b8b7f37.js"; sourceTree = "<group>"; };
		6328304E26B16FAA0041F5BF /* iosBeta.7a194ab3b377cc61d66f.js */ = {isa = PBXFileReference; fileEncoding = 4; lastKnownFileType = sourcecode.javascript; path = iosBeta.7a194ab3b377cc61d66f.js; sourceTree = "<group>"; };
		6328304F26B16FAA0041F5BF /* [...value]_d49bf158.1c19524f23e56726a569.js */ = {isa = PBXFileReference; fileEncoding = 4; lastKnownFileType = sourcecode.javascript; path = "[...value]_d49bf158.1c19524f23e56726a569.js"; sourceTree = "<group>"; };
		6328305026B16FAA0041F5BF /* _app.4ffbb07aea233ca49409.js */ = {isa = PBXFileReference; fileEncoding = 4; lastKnownFileType = sourcecode.javascript; path = _app.4ffbb07aea233ca49409.js; sourceTree = "<group>"; };
		6328305126B16FAA0041F5BF /* polyfills-d8117228f5b0dae63159.js */ = {isa = PBXFileReference; fileEncoding = 4; lastKnownFileType = sourcecode.javascript; path = "polyfills-d8117228f5b0dae63159.js"; sourceTree = "<group>"; };
		6328305226B16FAA0041F5BF /* main-cda4eead2144a2a420c5.js */ = {isa = PBXFileReference; fileEncoding = 4; lastKnownFileType = sourcecode.javascript; path = "main-cda4eead2144a2a420c5.js"; sourceTree = "<group>"; };
		6328305326B16FAA0041F5BF /* _app.8932b2c4.chunk.css */ = {isa = PBXFileReference; fileEncoding = 4; lastKnownFileType = text.css; path = _app.8932b2c4.chunk.css; sourceTree = "<group>"; };
		6328305426B16FAA0041F5BF /* 4.0cc446367404be6415d2.js */ = {isa = PBXFileReference; fileEncoding = 4; lastKnownFileType = sourcecode.javascript; path = 4.0cc446367404be6415d2.js; sourceTree = "<group>"; };
		6328305526B16FAA0041F5BF /* [...value].f139963e.chunk.css */ = {isa = PBXFileReference; fileEncoding = 4; lastKnownFileType = text.css; path = "[...value].f139963e.chunk.css"; sourceTree = "<group>"; };
		6328305626B16FAA0041F5BF /* _app-e363bf75d54d7fadad3c.js */ = {isa = PBXFileReference; fileEncoding = 4; lastKnownFileType = sourcecode.javascript; path = "_app-e363bf75d54d7fadad3c.js"; sourceTree = "<group>"; };
		6328305726B16FAA0041F5BF /* webpack-196e0ae0a5743fd550a7.js */ = {isa = PBXFileReference; fileEncoding = 4; lastKnownFileType = sourcecode.javascript; path = "webpack-196e0ae0a5743fd550a7.js"; sourceTree = "<group>"; };
		6328305826B16FAA0041F5BF /* tyscm.2-1adfcde5ce.2.2.js */ = {isa = PBXFileReference; fileEncoding = 4; lastKnownFileType = sourcecode.javascript; path = "tyscm.2-1adfcde5ce.2.2.js"; sourceTree = "<group>"; };
		6328305926B16FAA0041F5BF /* vendors_polyfills.bd440854da42e82d065d.js */ = {isa = PBXFileReference; fileEncoding = 4; lastKnownFileType = sourcecode.javascript; path = vendors_polyfills.bd440854da42e82d065d.js; sourceTree = "<group>"; };
		6328305A26B16FAA0041F5BF /* login.97dabcdb.chunk.css */ = {isa = PBXFileReference; fileEncoding = 4; lastKnownFileType = text.css; path = login.97dabcdb.chunk.css; sourceTree = "<group>"; };
		6328305B26B16FAA0041F5BF /* _buildManifest.js */ = {isa = PBXFileReference; fileEncoding = 4; lastKnownFileType = sourcecode.javascript; path = _buildManifest.js; sourceTree = "<group>"; };
		6328307826B296120041F5BF /* DelegateMediator.swift */ = {isa = PBXFileReference; lastKnownFileType = sourcecode.swift; path = DelegateMediator.swift; sourceTree = "<group>"; };
		6328307F26B2B0B10041F5BF /* PreviewController.swift */ = {isa = PBXFileReference; fileEncoding = 4; lastKnownFileType = sourcecode.swift; path = PreviewController.swift; sourceTree = "<group>"; };
		6328308226B2BD750041F5BF /* SPPermissionsVC.swift */ = {isa = PBXFileReference; lastKnownFileType = sourcecode.swift; path = SPPermissionsVC.swift; sourceTree = "<group>"; };
		6366E05426AFF59F00C40126 /* DownloadManager.swift */ = {isa = PBXFileReference; lastKnownFileType = sourcecode.swift; path = DownloadManager.swift; sourceTree = "<group>"; };
		6366E05626B0043D00C40126 /* MTCacheManager.swift */ = {isa = PBXFileReference; lastKnownFileType = sourcecode.swift; path = MTCacheManager.swift; sourceTree = "<group>"; };
		63A66777269861B4009235A3 /* 3332323.app */ = {isa = PBXFileReference; explicitFileType = wrapper.application; includeInIndex = 0; path = 3332323.app; sourceTree = BUILT_PRODUCTS_DIR; };
		63A6677A269861B4009235A3 /* AppDelegate.swift */ = {isa = PBXFileReference; lastKnownFileType = sourcecode.swift; path = AppDelegate.swift; sourceTree = "<group>"; };
		63A66783269861B5009235A3 /* Assets.xcassets */ = {isa = PBXFileReference; lastKnownFileType = folder.assetcatalog; path = Assets.xcassets; sourceTree = "<group>"; };
		63A66786269861B5009235A3 /* Base */ = {isa = PBXFileReference; lastKnownFileType = file.storyboard; name = Base; path = Base.lproj/LaunchScreen.storyboard; sourceTree = "<group>"; };
		63A66788269861B5009235A3 /* Info.plist */ = {isa = PBXFileReference; lastKnownFileType = text.plist.xml; path = Info.plist; sourceTree = "<group>"; };
		63A7739C26A6B5C7000DE05B /* MainVC.swift */ = {isa = PBXFileReference; lastKnownFileType = sourcecode.swift; path = MainVC.swift; sourceTree = "<group>"; };
		63A7AECA26A80991000DE05B /* libswresample.a */ = {isa = PBXFileReference; lastKnownFileType = archive.ar; name = libswresample.a; path = "3332323/Thirds/FFmpeg-iOS4.1/lib/libswresample.a"; sourceTree = "<group>"; };
		63A7AECB26A80991000DE05B /* libavformat.a */ = {isa = PBXFileReference; lastKnownFileType = archive.ar; name = libavformat.a; path = "3332323/Thirds/FFmpeg-iOS4.1/lib/libavformat.a"; sourceTree = "<group>"; };
		63A7AECC26A80991000DE05B /* libavcodec.a */ = {isa = PBXFileReference; lastKnownFileType = archive.ar; name = libavcodec.a; path = "3332323/Thirds/FFmpeg-iOS4.1/lib/libavcodec.a"; sourceTree = "<group>"; };
		63A7AECD26A80991000DE05B /* libavutil.a */ = {isa = PBXFileReference; lastKnownFileType = archive.ar; name = libavutil.a; path = "3332323/Thirds/FFmpeg-iOS4.1/lib/libavutil.a"; sourceTree = "<group>"; };
		63B3154626A431E200F5D180 /* 333333.json */ = {isa = PBXFileReference; fileEncoding = 4; lastKnownFileType = text.json; path = 333333.json; sourceTree = "<group>"; };
		63B3154726A431E200F5D180 /* 444444.json */ = {isa = PBXFileReference; fileEncoding = 4; lastKnownFileType = text.json; path = 444444.json; sourceTree = "<group>"; };
		63B3154826A431E200F5D180 /* 1111111111.json */ = {isa = PBXFileReference; fileEncoding = 4; lastKnownFileType = text.json; path = 1111111111.json; sourceTree = "<group>"; };
		63B3154926A431E200F5D180 /* 22222.json */ = {isa = PBXFileReference; fileEncoding = 4; lastKnownFileType = text.json; path = 22222.json; sourceTree = "<group>"; };
		63B3154A26A431E200F5D180 /* 5555555.json */ = {isa = PBXFileReference; fileEncoding = 4; lastKnownFileType = text.json; path = 5555555.json; sourceTree = "<group>"; };
		63B9A0AA26B4F6B9004AC889 /* WXZLPhoto.swift */ = {isa = PBXFileReference; lastKnownFileType = sourcecode.swift; path = WXZLPhoto.swift; sourceTree = "<group>"; };
		63B9A0AD26B4F74C004AC889 /* PhotoConfigureCNViewController.swift */ = {isa = PBXFileReference; fileEncoding = 4; lastKnownFileType = sourcecode.swift; path = PhotoConfigureCNViewController.swift; sourceTree = "<group>"; };
		63B9A0AE26B4F74C004AC889 /* LanguagePickerView.swift */ = {isa = PBXFileReference; fileEncoding = 4; lastKnownFileType = sourcecode.swift; path = LanguagePickerView.swift; sourceTree = "<group>"; };
		63B9A0AF26B4F74C004AC889 /* ZLCustomFilter.swift */ = {isa = PBXFileReference; fileEncoding = 4; lastKnownFileType = sourcecode.swift; path = ZLCustomFilter.swift; sourceTree = "<group>"; };
		63B9A0B026B4F74C004AC889 /* ImageCell.swift */ = {isa = PBXFileReference; fileEncoding = 4; lastKnownFileType = sourcecode.swift; path = ImageCell.swift; sourceTree = "<group>"; };
		63B9A0B126B4F74C004AC889 /* PhotoConfigureViewController.swift */ = {isa = PBXFileReference; fileEncoding = 4; lastKnownFileType = sourcecode.swift; path = PhotoConfigureViewController.swift; sourceTree = "<group>"; };
		63B9A0B226B4F74C004AC889 /* ImageStickerContainerView.swift */ = {isa = PBXFileReference; fileEncoding = 4; lastKnownFileType = sourcecode.swift; path = ImageStickerContainerView.swift; sourceTree = "<group>"; };
		63B9A0B326B4F74C004AC889 /* WeChatMomentDemoViewController.swift */ = {isa = PBXFileReference; fileEncoding = 4; lastKnownFileType = sourcecode.swift; path = WeChatMomentDemoViewController.swift; sourceTree = "<group>"; };
		63B9A0BB26B517E0004AC889 /* PublishPostVC.swift */ = {isa = PBXFileReference; lastKnownFileType = sourcecode.swift; path = PublishPostVC.swift; sourceTree = "<group>"; };
		63B9A0BD26B518D3004AC889 /* PublishPostScrollView.swift */ = {isa = PBXFileReference; lastKnownFileType = sourcecode.swift; path = PublishPostScrollView.swift; sourceTree = "<group>"; };
		63B9A0C026B52B3B004AC889 /* PublishPostInputView.swift */ = {isa = PBXFileReference; lastKnownFileType = sourcecode.swift; path = PublishPostInputView.swift; sourceTree = "<group>"; };
		63B9A0C226B52B8E004AC889 /* CommonTextView.swift */ = {isa = PBXFileReference; lastKnownFileType = sourcecode.swift; path = CommonTextView.swift; sourceTree = "<group>"; };
		63B9A0C526B52C84004AC889 /* UIButton+Extension.swift */ = {isa = PBXFileReference; lastKnownFileType = sourcecode.swift; path = "UIButton+Extension.swift"; sourceTree = "<group>"; };
		63B9A0C726B52CD8004AC889 /* String+Encryption.swift */ = {isa = PBXFileReference; lastKnownFileType = sourcecode.swift; path = "String+Encryption.swift"; sourceTree = "<group>"; };
		63B9A0C926B52D46004AC889 /* Math+Extension.swift */ = {isa = PBXFileReference; lastKnownFileType = sourcecode.swift; path = "Math+Extension.swift"; sourceTree = "<group>"; };
		63B9A0CB26B52D6E004AC889 /* UIView+Xib.swift */ = {isa = PBXFileReference; lastKnownFileType = sourcecode.swift; path = "UIView+Xib.swift"; sourceTree = "<group>"; };
		63B9A0CD26B52DFF004AC889 /* PublishPostAddPicView.swift */ = {isa = PBXFileReference; lastKnownFileType = sourcecode.swift; path = PublishPostAddPicView.swift; sourceTree = "<group>"; };
		63B9A0CF26B52EB2004AC889 /* PublishPostTopicCell.swift */ = {isa = PBXFileReference; lastKnownFileType = sourcecode.swift; path = PublishPostTopicCell.swift; sourceTree = "<group>"; };
		63B9A0D126B530DC004AC889 /* UIDevice+Extension.swift */ = {isa = PBXFileReference; lastKnownFileType = sourcecode.swift; path = "UIDevice+Extension.swift"; sourceTree = "<group>"; };
		63D6155426AC220C00CDBA38 /* AppDelegate+Download.swift */ = {isa = PBXFileReference; lastKnownFileType = sourcecode.swift; path = "AppDelegate+Download.swift"; sourceTree = "<group>"; };
		63D6155626AC253800CDBA38 /* DownLoadVC.swift */ = {isa = PBXFileReference; lastKnownFileType = sourcecode.swift; path = DownLoadVC.swift; sourceTree = "<group>"; };
		63D6155826AC27A400CDBA38 /* BaseTableVC.swift */ = {isa = PBXFileReference; lastKnownFileType = sourcecode.swift; path = BaseTableVC.swift; sourceTree = "<group>"; };
		63D6155A26AC284500CDBA38 /* DownloadTaskCell.swift */ = {isa = PBXFileReference; lastKnownFileType = sourcecode.swift; path = DownloadTaskCell.swift; sourceTree = "<group>"; };
		63D6155F26AD0CC400CDBA38 /* MediaPlay.swift */ = {isa = PBXFileReference; fileEncoding = 4; lastKnownFileType = sourcecode.swift; path = MediaPlay.swift; sourceTree = "<group>"; };
		63D6156026AD0CC400CDBA38 /* mediaCateModel.swift */ = {isa = PBXFileReference; fileEncoding = 4; lastKnownFileType = sourcecode.swift; path = mediaCateModel.swift; sourceTree = "<group>"; };
		63D6156126AD0CC400CDBA38 /* MediaCollectionView.swift */ = {isa = PBXFileReference; fileEncoding = 4; lastKnownFileType = sourcecode.swift; path = MediaCollectionView.swift; sourceTree = "<group>"; };
		63D6156226AD0CC400CDBA38 /* CommunityModel.swift */ = {isa = PBXFileReference; fileEncoding = 4; lastKnownFileType = sourcecode.swift; path = CommunityModel.swift; sourceTree = "<group>"; };
		63D6156326AD0CC400CDBA38 /* HomeVidelItem.swift */ = {isa = PBXFileReference; fileEncoding = 4; lastKnownFileType = sourcecode.swift; path = HomeVidelItem.swift; sourceTree = "<group>"; };
		63D6156426AD0CC400CDBA38 /* mediaResModel.swift */ = {isa = PBXFileReference; fileEncoding = 4; lastKnownFileType = sourcecode.swift; path = mediaResModel.swift; sourceTree = "<group>"; };
		63D615DC26AD13FA00CDBA38 /* VideoToolbox.framework */ = {isa = PBXFileReference; lastKnownFileType = wrapper.framework; name = VideoToolbox.framework; path = System/Library/Frameworks/VideoToolbox.framework; sourceTree = SDKROOT; };
		63D615DE26AD140100CDBA38 /* AudioToolbox.framework */ = {isa = PBXFileReference; lastKnownFileType = wrapper.framework; name = AudioToolbox.framework; path = System/Library/Frameworks/AudioToolbox.framework; sourceTree = SDKROOT; };
		63D616C526AD644A00CDBA38 /* DownLoadTabbar.swift */ = {isa = PBXFileReference; lastKnownFileType = sourcecode.swift; path = DownLoadTabbar.swift; sourceTree = "<group>"; };
		63D616C726AD662300CDBA38 /* DownLoadListVC.swift */ = {isa = PBXFileReference; lastKnownFileType = sourcecode.swift; path = DownLoadListVC.swift; sourceTree = "<group>"; };
		6710A95B7957E2C3F73CE041 /* Pods-3332323.release.xcconfig */ = {isa = PBXFileReference; includeInIndex = 1; lastKnownFileType = text.xcconfig; name = "Pods-3332323.release.xcconfig"; path = "Target Support Files/Pods-3332323/Pods-3332323.release.xcconfig"; sourceTree = "<group>"; };
/* End PBXFileReference section */

/* Begin PBXFrameworksBuildPhase section */
		63A66774269861B4009235A3 /* Frameworks */ = {
			isa = PBXFrameworksBuildPhase;
			buildActionMask = 2147483647;
			files = (
				63D615DD26AD13FA00CDBA38 /* VideoToolbox.framework in Frameworks */,
				6328303226B1060F0041F5BF /* MetalKit.framework in Frameworks */,
				DE7F6282F76BD3C938CD417C /* Pods_3332323.framework in Frameworks */,
				63D615DF26AD140100CDBA38 /* AudioToolbox.framework in Frameworks */,
			);
			runOnlyForDeploymentPostprocessing = 0;
		};
/* End PBXFrameworksBuildPhase section */

/* Begin PBXGroup section */
		6328303326B124FF0041F5BF /* TVListPlayer */ = {
			isa = PBXGroup;
			children = (
				6328303426B125210041F5BF /* TVListVC.swift */,
				6328303D26B127100041F5BF /* cn.m3u */,
			);
			path = TVListPlayer;
			sourceTree = "<group>";
		};
		6328304026B16FAA0041F5BF /* 123_files */ = {
			isa = PBXGroup;
			children = (
				6328304126B16FAA0041F5BF /* vendors_main.c2c699b3fe57ccb8281f.js */,
				6328304226B16FAA0041F5BF /* 4.340df4e8.chunk.css */,
				6328304326B16FAA0041F5BF /* images_8a6e68f1.6451261237807196528b.js */,
				6328304426B16FAA0041F5BF /* [index].2fb4b723.chunk.css */,
				6328304526B16FAA0041F5BF /* _app.2c752c5a.chunk.css */,
				6328304626B16FAA0041F5BF /* 2.f4a6fcb05c2466249790.js */,
				6328304726B16FAA0041F5BF /* [index].9e84e0fc3226dcee7adc.js */,
				6328304826B16FAA0041F5BF /* [index]-14677d744322fa29edab.js */,
				6328304926B16FAA0041F5BF /* login.788abab0f8583ade9f3d.js */,
				6328304A26B16FAA0041F5BF /* e_25e02703.f2efbac7b2acfa570282.js */,
				6328304B26B16FAA0041F5BF /* [...value].a47f4c620948206b0737.js */,
				6328304C26B16FAA0041F5BF /* _ssgManifest.js */,
				6328304D26B16FAA0041F5BF /* [...value]_42ee8ae3.72c6e3ef478c2b8b7f37.js */,
				6328304E26B16FAA0041F5BF /* iosBeta.7a194ab3b377cc61d66f.js */,
				6328304F26B16FAA0041F5BF /* [...value]_d49bf158.1c19524f23e56726a569.js */,
				6328305026B16FAA0041F5BF /* _app.4ffbb07aea233ca49409.js */,
				6328305126B16FAA0041F5BF /* polyfills-d8117228f5b0dae63159.js */,
				6328305226B16FAA0041F5BF /* main-cda4eead2144a2a420c5.js */,
				6328305326B16FAA0041F5BF /* _app.8932b2c4.chunk.css */,
				6328305426B16FAA0041F5BF /* 4.0cc446367404be6415d2.js */,
				6328305526B16FAA0041F5BF /* [...value].f139963e.chunk.css */,
				6328305626B16FAA0041F5BF /* _app-e363bf75d54d7fadad3c.js */,
				6328305726B16FAA0041F5BF /* webpack-196e0ae0a5743fd550a7.js */,
				6328305826B16FAA0041F5BF /* tyscm.2-1adfcde5ce.2.2.js */,
				6328305926B16FAA0041F5BF /* vendors_polyfills.bd440854da42e82d065d.js */,
				6328305A26B16FAA0041F5BF /* login.97dabcdb.chunk.css */,
				6328305B26B16FAA0041F5BF /* _buildManifest.js */,
			);
			path = 123_files;
			sourceTree = "<group>";
		};
		6328307D26B2B0B10041F5BF /* 动画 */ = {
			isa = PBXGroup;
			children = (
				6328307E26B2B0B10041F5BF /* 天女散花 */,
			);
			path = "动画";
			sourceTree = "<group>";
		};
		6328307E26B2B0B10041F5BF /* 天女散花 */ = {
			isa = PBXGroup;
			children = (
				6328307F26B2B0B10041F5BF /* PreviewController.swift */,
			);
			path = "天女散花";
			sourceTree = "<group>";
		};
		6328308126B2BD590041F5BF /* 权限 */ = {
			isa = PBXGroup;
			children = (
				6328308226B2BD750041F5BF /* SPPermissionsVC.swift */,
			);
			path = "权限";
			sourceTree = "<group>";
		};
		63A6676E269861B4009235A3 = {
			isa = PBXGroup;
			children = (
				63A66779269861B4009235A3 /* 3332323 */,
				63A66778269861B4009235A3 /* Products */,
				7004946E9141D3189BDECF51 /* Pods */,
				E7D6978AD7007A38E7487336 /* Frameworks */,
			);
			sourceTree = "<group>";
		};
		63A66778269861B4009235A3 /* Products */ = {
			isa = PBXGroup;
			children = (
				63A66777269861B4009235A3 /* 3332323.app */,
			);
			name = Products;
			sourceTree = "<group>";
		};
		63A66779269861B4009235A3 /* 3332323 */ = {
			isa = PBXGroup;
			children = (
				63A6677A269861B4009235A3 /* AppDelegate.swift */,
				6328307826B296120041F5BF /* DelegateMediator.swift */,
				63D6155426AC220C00CDBA38 /* AppDelegate+Download.swift */,
				63A7739C26A6B5C7000DE05B /* MainVC.swift */,
				63D6155826AC27A400CDBA38 /* BaseTableVC.swift */,
				63B9A0C426B52C78004AC889 /* UIKit */,
				63B9A0A926B4F664004AC889 /* 图片选择器 */,
				6328308126B2BD590041F5BF /* 权限 */,
				6328307D26B2B0B10041F5BF /* 动画 */,
				6328303326B124FF0041F5BF /* TVListPlayer */,
				63D6155E26AD0CC400CDBA38 /* MediaPlayer */,
				63D6155126AC205200CDBA38 /* DownLoad */,
				63A7AE3526A80962000DE05B /* Thirds */,
				63B3154526A431E200F5D180 /* TestJson */,
				63A66783269861B5009235A3 /* Assets.xcassets */,
				63A66785269861B5009235A3 /* LaunchScreen.storyboard */,
				63A66788269861B5009235A3 /* Info.plist */,
			);
			path = 3332323;
			sourceTree = "<group>";
		};
		63A7AE3526A80962000DE05B /* Thirds */ = {
			isa = PBXGroup;
			children = (
			);
			path = Thirds;
			sourceTree = "<group>";
		};
		63B3154526A431E200F5D180 /* TestJson */ = {
			isa = PBXGroup;
			children = (
				63B3154626A431E200F5D180 /* 333333.json */,
				63B3154726A431E200F5D180 /* 444444.json */,
				63B3154826A431E200F5D180 /* 1111111111.json */,
				63B3154926A431E200F5D180 /* 22222.json */,
				63B3154A26A431E200F5D180 /* 5555555.json */,
				6328304026B16FAA0041F5BF /* 123_files */,
				6328303F26B16FAA0041F5BF /* 123.html */,
			);
			path = TestJson;
			sourceTree = "<group>";
		};
		63B9A0A926B4F664004AC889 /* 图片选择器 */ = {
			isa = PBXGroup;
			children = (
				63B9A0AA26B4F6B9004AC889 /* WXZLPhoto.swift */,
				63B9A0BF26B5297B004AC889 /* 图文发布 */,
				63B9A0AC26B4F701004AC889 /* ZLPhotoBrowser */,
			);
			path = "图片选择器";
			sourceTree = "<group>";
		};
		63B9A0AC26B4F701004AC889 /* ZLPhotoBrowser */ = {
			isa = PBXGroup;
			children = (
				63B9A0B026B4F74C004AC889 /* ImageCell.swift */,
				63B9A0B226B4F74C004AC889 /* ImageStickerContainerView.swift */,
				63B9A0AE26B4F74C004AC889 /* LanguagePickerView.swift */,
				63B9A0AD26B4F74C004AC889 /* PhotoConfigureCNViewController.swift */,
				63B9A0B126B4F74C004AC889 /* PhotoConfigureViewController.swift */,
				63B9A0B326B4F74C004AC889 /* WeChatMomentDemoViewController.swift */,
				63B9A0AF26B4F74C004AC889 /* ZLCustomFilter.swift */,
			);
			path = ZLPhotoBrowser;
			sourceTree = "<group>";
		};
		63B9A0BF26B5297B004AC889 /* 图文发布 */ = {
			isa = PBXGroup;
			children = (
				63B9A0BB26B517E0004AC889 /* PublishPostVC.swift */,
				63B9A0BD26B518D3004AC889 /* PublishPostScrollView.swift */,
				63B9A0C026B52B3B004AC889 /* PublishPostInputView.swift */,
				63B9A0C226B52B8E004AC889 /* CommonTextView.swift */,
				63B9A0CD26B52DFF004AC889 /* PublishPostAddPicView.swift */,
				63B9A0CF26B52EB2004AC889 /* PublishPostTopicCell.swift */,
			);
			path = "图文发布";
			sourceTree = "<group>";
		};
		63B9A0C426B52C78004AC889 /* UIKit */ = {
			isa = PBXGroup;
			children = (
				63B9A0C526B52C84004AC889 /* UIButton+Extension.swift */,
				63B9A0C726B52CD8004AC889 /* String+Encryption.swift */,
				63B9A0C926B52D46004AC889 /* Math+Extension.swift */,
				63B9A0CB26B52D6E004AC889 /* UIView+Xib.swift */,
				63B9A0D126B530DC004AC889 /* UIDevice+Extension.swift */,
			);
			path = UIKit;
			sourceTree = "<group>";
		};
		63D6155126AC205200CDBA38 /* DownLoad */ = {
			isa = PBXGroup;
			children = (
				63D616C726AD662300CDBA38 /* DownLoadListVC.swift */,
				63D6155626AC253800CDBA38 /* DownLoadVC.swift */,
				63D6155A26AC284500CDBA38 /* DownloadTaskCell.swift */,
				63D616C526AD644A00CDBA38 /* DownLoadTabbar.swift */,
				6366E05426AFF59F00C40126 /* DownloadManager.swift */,
				6366E05626B0043D00C40126 /* MTCacheManager.swift */,
			);
			path = DownLoad;
			sourceTree = "<group>";
		};
		63D6155E26AD0CC400CDBA38 /* MediaPlayer */ = {
			isa = PBXGroup;
			children = (
				63D6155F26AD0CC400CDBA38 /* MediaPlay.swift */,
				63D6156026AD0CC400CDBA38 /* mediaCateModel.swift */,
				63D6156126AD0CC400CDBA38 /* MediaCollectionView.swift */,
				63D6156226AD0CC400CDBA38 /* CommunityModel.swift */,
				63D6156326AD0CC400CDBA38 /* HomeVidelItem.swift */,
				63D6156426AD0CC400CDBA38 /* mediaResModel.swift */,
			);
			path = MediaPlayer;
			sourceTree = "<group>";
		};
		7004946E9141D3189BDECF51 /* Pods */ = {
			isa = PBXGroup;
			children = (
				51AE6A2AA0E2E431C2AAC1AF /* Pods-3332323.debug.xcconfig */,
				6710A95B7957E2C3F73CE041 /* Pods-3332323.release.xcconfig */,
			);
			path = Pods;
			sourceTree = "<group>";
		};
		E7D6978AD7007A38E7487336 /* Frameworks */ = {
			isa = PBXGroup;
			children = (
				6328303126B1060F0041F5BF /* MetalKit.framework */,
				63D615DE26AD140100CDBA38 /* AudioToolbox.framework */,
				63D615DC26AD13FA00CDBA38 /* VideoToolbox.framework */,
				63A7AECC26A80991000DE05B /* libavcodec.a */,
				63A7AECB26A80991000DE05B /* libavformat.a */,
				63A7AECD26A80991000DE05B /* libavutil.a */,
				63A7AECA26A80991000DE05B /* libswresample.a */,
				29E360D98108EDF26A267B1B /* Pods_3332323.framework */,
			);
			name = Frameworks;
			sourceTree = "<group>";
		};
/* End PBXGroup section */

/* Begin PBXNativeTarget section */
		63A66776269861B4009235A3 /* 3332323 */ = {
			isa = PBXNativeTarget;
			buildConfigurationList = 63A6678B269861B5009235A3 /* Build configuration list for PBXNativeTarget "3332323" */;
			buildPhases = (
				20134865052DB65AE04EB554 /* [CP] Check Pods Manifest.lock */,
				63A66773269861B4009235A3 /* Sources */,
				63A66774269861B4009235A3 /* Frameworks */,
				63A66775269861B4009235A3 /* Resources */,
				51117437E369241073F0D9DC /* [CP] Embed Pods Frameworks */,
				A34043F9EF15A208277B5F96 /* [CP] Copy Pods Resources */,
			);
			buildRules = (
			);
			dependencies = (
			);
			name = 3332323;
			productName = 3332323;
			productReference = 63A66777269861B4009235A3 /* 3332323.app */;
			productType = "com.apple.product-type.application";
		};
/* End PBXNativeTarget section */

/* Begin PBXProject section */
		63A6676F269861B4009235A3 /* Project object */ = {
			isa = PBXProject;
			attributes = {
				LastSwiftUpdateCheck = 1250;
				LastUpgradeCheck = 1250;
				TargetAttributes = {
					63A66776269861B4009235A3 = {
						CreatedOnToolsVersion = 12.5.1;
					};
				};
			};
			buildConfigurationList = 63A66772269861B4009235A3 /* Build configuration list for PBXProject "3332323" */;
			compatibilityVersion = "Xcode 9.3";
			developmentRegion = en;
			hasScannedForEncodings = 0;
			knownRegions = (
				en,
				Base,
			);
			mainGroup = 63A6676E269861B4009235A3;
			productRefGroup = 63A66778269861B4009235A3 /* Products */;
			projectDirPath = "";
			projectRoot = "";
			targets = (
				63A66776269861B4009235A3 /* 3332323 */,
			);
		};
/* End PBXProject section */

/* Begin PBXResourcesBuildPhase section */
		63A66775269861B4009235A3 /* Resources */ = {
			isa = PBXResourcesBuildPhase;
			buildActionMask = 2147483647;
			files = (
				63A66787269861B5009235A3 /* LaunchScreen.storyboard in Resources */,
				6328306A26B16FAA0041F5BF /* iosBeta.7a194ab3b377cc61d66f.js in Resources */,
				6328306926B16FAA0041F5BF /* [...value]_42ee8ae3.72c6e3ef478c2b8b7f37.js in Resources */,
				6328306D26B16FAA0041F5BF /* polyfills-d8117228f5b0dae63159.js in Resources */,
				63B3154D26A431E200F5D180 /* 1111111111.json in Resources */,
				6328305E26B16FAA0041F5BF /* 4.340df4e8.chunk.css in Resources */,
				6328307426B16FAA0041F5BF /* tyscm.2-1adfcde5ce.2.2.js in Resources */,
				6328306026B16FAA0041F5BF /* [index].2fb4b723.chunk.css in Resources */,
				6328307226B16FAA0041F5BF /* _app-e363bf75d54d7fadad3c.js in Resources */,
				6328305F26B16FAA0041F5BF /* images_8a6e68f1.6451261237807196528b.js in Resources */,
				6328307026B16FAA0041F5BF /* 4.0cc446367404be6415d2.js in Resources */,
				6328307626B16FAA0041F5BF /* login.97dabcdb.chunk.css in Resources */,
				6328303E26B127100041F5BF /* cn.m3u in Resources */,
				6328306526B16FAA0041F5BF /* login.788abab0f8583ade9f3d.js in Resources */,
				6328306E26B16FAA0041F5BF /* main-cda4eead2144a2a420c5.js in Resources */,
				6328306B26B16FAA0041F5BF /* [...value]_d49bf158.1c19524f23e56726a569.js in Resources */,
				6328306726B16FAA0041F5BF /* [...value].a47f4c620948206b0737.js in Resources */,
				6328307326B16FAA0041F5BF /* webpack-196e0ae0a5743fd550a7.js in Resources */,
				6328305C26B16FAA0041F5BF /* 123.html in Resources */,
				63B3154B26A431E200F5D180 /* 333333.json in Resources */,
				63A66784269861B5009235A3 /* Assets.xcassets in Resources */,
				6328307526B16FAA0041F5BF /* vendors_polyfills.bd440854da42e82d065d.js in Resources */,
				63B3154C26A431E200F5D180 /* 444444.json in Resources */,
				6328306226B16FAA0041F5BF /* 2.f4a6fcb05c2466249790.js in Resources */,
				6328306426B16FAA0041F5BF /* [index]-14677d744322fa29edab.js in Resources */,
				63B3154E26A431E200F5D180 /* 22222.json in Resources */,
				6328306F26B16FAA0041F5BF /* _app.8932b2c4.chunk.css in Resources */,
				6328306126B16FAA0041F5BF /* _app.2c752c5a.chunk.css in Resources */,
				6328306326B16FAA0041F5BF /* [index].9e84e0fc3226dcee7adc.js in Resources */,
				63B3154F26A431E200F5D180 /* 5555555.json in Resources */,
				6328306626B16FAA0041F5BF /* e_25e02703.f2efbac7b2acfa570282.js in Resources */,
				6328306826B16FAA0041F5BF /* _ssgManifest.js in Resources */,
				6328306C26B16FAA0041F5BF /* _app.4ffbb07aea233ca49409.js in Resources */,
				6328307126B16FAA0041F5BF /* [...value].f139963e.chunk.css in Resources */,
				6328307726B16FAA0041F5BF /* _buildManifest.js in Resources */,
				6328305D26B16FAA0041F5BF /* vendors_main.c2c699b3fe57ccb8281f.js in Resources */,
			);
			runOnlyForDeploymentPostprocessing = 0;
		};
/* End PBXResourcesBuildPhase section */

/* Begin PBXShellScriptBuildPhase section */
		20134865052DB65AE04EB554 /* [CP] Check Pods Manifest.lock */ = {
			isa = PBXShellScriptBuildPhase;
			buildActionMask = 2147483647;
			files = (
			);
			inputFileListPaths = (
			);
			inputPaths = (
				"${PODS_PODFILE_DIR_PATH}/Podfile.lock",
				"${PODS_ROOT}/Manifest.lock",
			);
			name = "[CP] Check Pods Manifest.lock";
			outputFileListPaths = (
			);
			outputPaths = (
				"$(DERIVED_FILE_DIR)/Pods-3332323-checkManifestLockResult.txt",
			);
			runOnlyForDeploymentPostprocessing = 0;
			shellPath = /bin/sh;
			shellScript = "diff \"${PODS_PODFILE_DIR_PATH}/Podfile.lock\" \"${PODS_ROOT}/Manifest.lock\" > /dev/null\nif [ $? != 0 ] ; then\n    # print error to STDERR\n    echo \"error: The sandbox is not in sync with the Podfile.lock. Run 'pod install' or update your CocoaPods installation.\" >&2\n    exit 1\nfi\n# This output is used by Xcode 'outputs' to avoid re-running this script phase.\necho \"SUCCESS\" > \"${SCRIPT_OUTPUT_FILE_0}\"\n";
			showEnvVarsInLog = 0;
		};
		51117437E369241073F0D9DC /* [CP] Embed Pods Frameworks */ = {
			isa = PBXShellScriptBuildPhase;
			buildActionMask = 2147483647;
			files = (
			);
			inputFileListPaths = (
				"${PODS_ROOT}/Target Support Files/Pods-3332323/Pods-3332323-frameworks-${CONFIGURATION}-input-files.xcfilelist",
			);
			name = "[CP] Embed Pods Frameworks";
			outputFileListPaths = (
				"${PODS_ROOT}/Target Support Files/Pods-3332323/Pods-3332323-frameworks-${CONFIGURATION}-output-files.xcfilelist",
			);
			runOnlyForDeploymentPostprocessing = 0;
			shellPath = /bin/sh;
			shellScript = "\"${PODS_ROOT}/Target Support Files/Pods-3332323/Pods-3332323-frameworks.sh\"\n";
			showEnvVarsInLog = 0;
		};
		A34043F9EF15A208277B5F96 /* [CP] Copy Pods Resources */ = {
			isa = PBXShellScriptBuildPhase;
			buildActionMask = 2147483647;
			files = (
			);
			inputFileListPaths = (
				"${PODS_ROOT}/Target Support Files/Pods-3332323/Pods-3332323-resources-${CONFIGURATION}-input-files.xcfilelist",
			);
			name = "[CP] Copy Pods Resources";
			outputFileListPaths = (
				"${PODS_ROOT}/Target Support Files/Pods-3332323/Pods-3332323-resources-${CONFIGURATION}-output-files.xcfilelist",
			);
			runOnlyForDeploymentPostprocessing = 0;
			shellPath = /bin/sh;
			shellScript = "\"${PODS_ROOT}/Target Support Files/Pods-3332323/Pods-3332323-resources.sh\"\n";
			showEnvVarsInLog = 0;
		};
/* End PBXShellScriptBuildPhase section */

/* Begin PBXSourcesBuildPhase section */
		63A66773269861B4009235A3 /* Sources */ = {
			isa = PBXSourcesBuildPhase;
			buildActionMask = 2147483647;
			files = (
				63D6155926AC27A400CDBA38 /* BaseTableVC.swift in Sources */,
				63D6156A26AD0CC400CDBA38 /* mediaResModel.swift in Sources */,
				63B9A0CC26B52D6E004AC889 /* UIView+Xib.swift in Sources */,
				63D6156626AD0CC400CDBA38 /* mediaCateModel.swift in Sources */,
				63B9A0CA26B52D46004AC889 /* Math+Extension.swift in Sources */,
				63B9A0AB26B4F6B9004AC889 /* WXZLPhoto.swift in Sources */,
				63B9A0B826B4F74C004AC889 /* PhotoConfigureViewController.swift in Sources */,
				63A7739D26A6B5C7000DE05B /* MainVC.swift in Sources */,
				63D616C626AD644A00CDBA38 /* DownLoadTabbar.swift in Sources */,
				63B9A0BE26B518D3004AC889 /* PublishPostScrollView.swift in Sources */,
				63B9A0B626B4F74C004AC889 /* ZLCustomFilter.swift in Sources */,
				63D6156526AD0CC400CDBA38 /* MediaPlay.swift in Sources */,
				63D6156926AD0CC400CDBA38 /* HomeVidelItem.swift in Sources */,
				63B9A0D226B530DC004AC889 /* UIDevice+Extension.swift in Sources */,
				63B9A0C826B52CD8004AC889 /* String+Encryption.swift in Sources */,
				63B9A0B726B4F74C004AC889 /* ImageCell.swift in Sources */,
				63D6156726AD0CC400CDBA38 /* MediaCollectionView.swift in Sources */,
				6328308326B2BD750041F5BF /* SPPermissionsVC.swift in Sources */,
				63B9A0D026B52EB2004AC889 /* PublishPostTopicCell.swift in Sources */,
				63B9A0C626B52C84004AC889 /* UIButton+Extension.swift in Sources */,
				63D6155526AC220C00CDBA38 /* AppDelegate+Download.swift in Sources */,
				6366E05726B0043D00C40126 /* MTCacheManager.swift in Sources */,
				63B9A0BA26B4F74C004AC889 /* WeChatMomentDemoViewController.swift in Sources */,
				63A6677B269861B4009235A3 /* AppDelegate.swift in Sources */,
				6328307926B296120041F5BF /* DelegateMediator.swift in Sources */,
				6366E05526AFF59F00C40126 /* DownloadManager.swift in Sources */,
				63B9A0C126B52B3B004AC889 /* PublishPostInputView.swift in Sources */,
				6328308026B2B0B10041F5BF /* PreviewController.swift in Sources */,
				63D6156826AD0CC400CDBA38 /* CommunityModel.swift in Sources */,
				63D6155726AC253800CDBA38 /* DownLoadVC.swift in Sources */,
				63B9A0C326B52B8E004AC889 /* CommonTextView.swift in Sources */,
				63B9A0CE26B52DFF004AC889 /* PublishPostAddPicView.swift in Sources */,
				63D6155B26AC284500CDBA38 /* DownloadTaskCell.swift in Sources */,
				63B9A0B426B4F74C004AC889 /* PhotoConfigureCNViewController.swift in Sources */,
				63B9A0B926B4F74C004AC889 /* ImageStickerContainerView.swift in Sources */,
				6328303526B125210041F5BF /* TVListVC.swift in Sources */,
				63B9A0BC26B517E0004AC889 /* PublishPostVC.swift in Sources */,
				63D616C826AD662300CDBA38 /* DownLoadListVC.swift in Sources */,
				63B9A0B526B4F74C004AC889 /* LanguagePickerView.swift in Sources */,
			);
			runOnlyForDeploymentPostprocessing = 0;
		};
/* End PBXSourcesBuildPhase section */

/* Begin PBXVariantGroup section */
		63A66785269861B5009235A3 /* LaunchScreen.storyboard */ = {
			isa = PBXVariantGroup;
			children = (
				63A66786269861B5009235A3 /* Base */,
			);
			name = LaunchScreen.storyboard;
			sourceTree = "<group>";
		};
/* End PBXVariantGroup section */

/* Begin XCBuildConfiguration section */
		63A66789269861B5009235A3 /* Debug */ = {
			isa = XCBuildConfiguration;
			buildSettings = {
				ALWAYS_SEARCH_USER_PATHS = NO;
				CLANG_ANALYZER_NONNULL = YES;
				CLANG_ANALYZER_NUMBER_OBJECT_CONVERSION = YES_AGGRESSIVE;
				CLANG_CXX_LANGUAGE_STANDARD = "gnu++14";
				CLANG_CXX_LIBRARY = "libc++";
				CLANG_ENABLE_MODULES = YES;
				CLANG_ENABLE_OBJC_ARC = YES;
				CLANG_ENABLE_OBJC_WEAK = YES;
				CLANG_WARN_BLOCK_CAPTURE_AUTORELEASING = YES;
				CLANG_WARN_BOOL_CONVERSION = YES;
				CLANG_WARN_COMMA = YES;
				CLANG_WARN_CONSTANT_CONVERSION = YES;
				CLANG_WARN_DEPRECATED_OBJC_IMPLEMENTATIONS = YES;
				CLANG_WARN_DIRECT_OBJC_ISA_USAGE = YES_ERROR;
				CLANG_WARN_DOCUMENTATION_COMMENTS = YES;
				CLANG_WARN_EMPTY_BODY = YES;
				CLANG_WARN_ENUM_CONVERSION = YES;
				CLANG_WARN_INFINITE_RECURSION = YES;
				CLANG_WARN_INT_CONVERSION = YES;
				CLANG_WARN_NON_LITERAL_NULL_CONVERSION = YES;
				CLANG_WARN_OBJC_IMPLICIT_RETAIN_SELF = YES;
				CLANG_WARN_OBJC_LITERAL_CONVERSION = YES;
				CLANG_WARN_OBJC_ROOT_CLASS = YES_ERROR;
				CLANG_WARN_QUOTED_INCLUDE_IN_FRAMEWORK_HEADER = YES;
				CLANG_WARN_RANGE_LOOP_ANALYSIS = YES;
				CLANG_WARN_STRICT_PROTOTYPES = YES;
				CLANG_WARN_SUSPICIOUS_MOVE = YES;
				CLANG_WARN_UNGUARDED_AVAILABILITY = YES_AGGRESSIVE;
				CLANG_WARN_UNREACHABLE_CODE = YES;
				CLANG_WARN__DUPLICATE_METHOD_MATCH = YES;
				COPY_PHASE_STRIP = NO;
				DEBUG_INFORMATION_FORMAT = dwarf;
				ENABLE_STRICT_OBJC_MSGSEND = YES;
				ENABLE_TESTABILITY = YES;
				GCC_C_LANGUAGE_STANDARD = gnu11;
				GCC_DYNAMIC_NO_PIC = NO;
				GCC_NO_COMMON_BLOCKS = YES;
				GCC_OPTIMIZATION_LEVEL = 0;
				GCC_PREPROCESSOR_DEFINITIONS = (
					"DEBUG=1",
					"$(inherited)",
				);
				GCC_WARN_64_TO_32_BIT_CONVERSION = YES;
				GCC_WARN_ABOUT_RETURN_TYPE = YES_ERROR;
				GCC_WARN_UNDECLARED_SELECTOR = YES;
				GCC_WARN_UNINITIALIZED_AUTOS = YES_AGGRESSIVE;
				GCC_WARN_UNUSED_FUNCTION = YES;
				GCC_WARN_UNUSED_VARIABLE = YES;
				IPHONEOS_DEPLOYMENT_TARGET = 13.0;
				MTL_ENABLE_DEBUG_INFO = INCLUDE_SOURCE;
				MTL_FAST_MATH = YES;
				ONLY_ACTIVE_ARCH = YES;
				SDKROOT = iphoneos;
				SWIFT_ACTIVE_COMPILATION_CONDITIONS = DEBUG;
				SWIFT_OPTIMIZATION_LEVEL = "-Onone";
			};
			name = Debug;
		};
		63A6678A269861B5009235A3 /* Release */ = {
			isa = XCBuildConfiguration;
			buildSettings = {
				ALWAYS_SEARCH_USER_PATHS = NO;
				CLANG_ANALYZER_NONNULL = YES;
				CLANG_ANALYZER_NUMBER_OBJECT_CONVERSION = YES_AGGRESSIVE;
				CLANG_CXX_LANGUAGE_STANDARD = "gnu++14";
				CLANG_CXX_LIBRARY = "libc++";
				CLANG_ENABLE_MODULES = YES;
				CLANG_ENABLE_OBJC_ARC = YES;
				CLANG_ENABLE_OBJC_WEAK = YES;
				CLANG_WARN_BLOCK_CAPTURE_AUTORELEASING = YES;
				CLANG_WARN_BOOL_CONVERSION = YES;
				CLANG_WARN_COMMA = YES;
				CLANG_WARN_CONSTANT_CONVERSION = YES;
				CLANG_WARN_DEPRECATED_OBJC_IMPLEMENTATIONS = YES;
				CLANG_WARN_DIRECT_OBJC_ISA_USAGE = YES_ERROR;
				CLANG_WARN_DOCUMENTATION_COMMENTS = YES;
				CLANG_WARN_EMPTY_BODY = YES;
				CLANG_WARN_ENUM_CONVERSION = YES;
				CLANG_WARN_INFINITE_RECURSION = YES;
				CLANG_WARN_INT_CONVERSION = YES;
				CLANG_WARN_NON_LITERAL_NULL_CONVERSION = YES;
				CLANG_WARN_OBJC_IMPLICIT_RETAIN_SELF = YES;
				CLANG_WARN_OBJC_LITERAL_CONVERSION = YES;
				CLANG_WARN_OBJC_ROOT_CLASS = YES_ERROR;
				CLANG_WARN_QUOTED_INCLUDE_IN_FRAMEWORK_HEADER = YES;
				CLANG_WARN_RANGE_LOOP_ANALYSIS = YES;
				CLANG_WARN_STRICT_PROTOTYPES = YES;
				CLANG_WARN_SUSPICIOUS_MOVE = YES;
				CLANG_WARN_UNGUARDED_AVAILABILITY = YES_AGGRESSIVE;
				CLANG_WARN_UNREACHABLE_CODE = YES;
				CLANG_WARN__DUPLICATE_METHOD_MATCH = YES;
				COPY_PHASE_STRIP = NO;
				DEBUG_INFORMATION_FORMAT = "dwarf-with-dsym";
				ENABLE_NS_ASSERTIONS = NO;
				ENABLE_STRICT_OBJC_MSGSEND = YES;
				GCC_C_LANGUAGE_STANDARD = gnu11;
				GCC_NO_COMMON_BLOCKS = YES;
				GCC_WARN_64_TO_32_BIT_CONVERSION = YES;
				GCC_WARN_ABOUT_RETURN_TYPE = YES_ERROR;
				GCC_WARN_UNDECLARED_SELECTOR = YES;
				GCC_WARN_UNINITIALIZED_AUTOS = YES_AGGRESSIVE;
				GCC_WARN_UNUSED_FUNCTION = YES;
				GCC_WARN_UNUSED_VARIABLE = YES;
				IPHONEOS_DEPLOYMENT_TARGET = 13.0;
				MTL_ENABLE_DEBUG_INFO = NO;
				MTL_FAST_MATH = YES;
				SDKROOT = iphoneos;
				SWIFT_COMPILATION_MODE = wholemodule;
				SWIFT_OPTIMIZATION_LEVEL = "-O";
				VALIDATE_PRODUCT = YES;
			};
			name = Release;
		};
		63A6678C269861B5009235A3 /* Debug */ = {
			isa = XCBuildConfiguration;
			baseConfigurationReference = 51AE6A2AA0E2E431C2AAC1AF /* Pods-3332323.debug.xcconfig */;
			buildSettings = {
				ASSETCATALOG_COMPILER_APPICON_NAME = AppIcon;
				ASSETCATALOG_COMPILER_GLOBAL_ACCENT_COLOR_NAME = AccentColor;
				CODE_SIGN_STYLE = Manual;
				DEVELOPMENT_TEAM = "";
				FRAMEWORK_SEARCH_PATHS = (
					"$(inherited)",
					"\"${PODS_CONFIGURATION_BUILD_DIR}/LookinServer\"",
					"\"${PODS_CONFIGURATION_BUILD_DIR}/PINCache\"",
					"\"${PODS_CONFIGURATION_BUILD_DIR}/PINOperation\"",
					"\"${PODS_CONFIGURATION_BUILD_DIR}/PINRemoteImage\"",
					"\"${PODS_CONFIGURATION_BUILD_DIR}/SwiftSignalKit\"",
					"\"${PODS_CONFIGURATION_BUILD_DIR}/Texture\"",
				);
				HEADER_SEARCH_PATHS = (
					"$(inherited)",
					"\"${PODS_CONFIGURATION_BUILD_DIR}/Alamofire/Alamofire.framework/Headers\"",
					"\"${PODS_CONFIGURATION_BUILD_DIR}/KSPlayer/KSPlayer.framework/Headers\"",
					"\"${PODS_CONFIGURATION_BUILD_DIR}/Kingfisher/Kingfisher.framework/Headers\"",
					"\"${PODS_CONFIGURATION_BUILD_DIR}/LookinServer/LookinServer.framework/Headers\"",
					"\"${PODS_CONFIGURATION_BUILD_DIR}/PINCache/PINCache.framework/Headers\"",
					"\"${PODS_CONFIGURATION_BUILD_DIR}/PINOperation/PINOperation.framework/Headers\"",
					"\"${PODS_CONFIGURATION_BUILD_DIR}/PINRemoteImage/PINRemoteImage.framework/Headers\"",
					"\"${PODS_CONFIGURATION_BUILD_DIR}/PhoneNumberKit/PhoneNumberKit.framework/Headers\"",
					"\"${PODS_CONFIGURATION_BUILD_DIR}/SwiftSignalKit/SwiftSignalKit.framework/Headers\"",
					"\"${PODS_CONFIGURATION_BUILD_DIR}/SwiftyJSON/SwiftyJSON.framework/Headers\"",
					"\"${PODS_CONFIGURATION_BUILD_DIR}/Texture/AsyncDisplayKit.framework/Headers\"",
				);
				INFOPLIST_FILE = 3332323/Info.plist;
				IPHONEOS_DEPLOYMENT_TARGET = 13.0;
				LD_RUNPATH_SEARCH_PATHS = (
					"$(inherited)",
					"@executable_path/Frameworks",
				);
				LIBRARY_SEARCH_PATHS = (
					"$(inherited)",
					"$(PROJECT_DIR)/3332323/Thirds/FFmpeg-iOS4.1/lib",
				);
				PRODUCT_BUNDLE_IDENTIFIER = com.332323;
				PRODUCT_NAME = "$(TARGET_NAME)";
				PROVISIONING_PROFILE_SPECIFIER = "";
				SWIFT_OBJC_BRIDGING_HEADER = "";
				SWIFT_VERSION = 5.0;
				TARGETED_DEVICE_FAMILY = 1;
			};
			name = Debug;
		};
		63A6678D269861B5009235A3 /* Release */ = {
			isa = XCBuildConfiguration;
			baseConfigurationReference = 6710A95B7957E2C3F73CE041 /* Pods-3332323.release.xcconfig */;
			buildSettings = {
				ASSETCATALOG_COMPILER_APPICON_NAME = AppIcon;
				ASSETCATALOG_COMPILER_GLOBAL_ACCENT_COLOR_NAME = AccentColor;
				CODE_SIGN_STYLE = Manual;
				DEVELOPMENT_TEAM = "";
				FRAMEWORK_SEARCH_PATHS = (
					"$(inherited)",
					"\"${PODS_CONFIGURATION_BUILD_DIR}/LookinServer\"",
					"\"${PODS_CONFIGURATION_BUILD_DIR}/PINCache\"",
					"\"${PODS_CONFIGURATION_BUILD_DIR}/PINOperation\"",
					"\"${PODS_CONFIGURATION_BUILD_DIR}/PINRemoteImage\"",
					"\"${PODS_CONFIGURATION_BUILD_DIR}/SwiftSignalKit\"",
					"\"${PODS_CONFIGURATION_BUILD_DIR}/Texture\"",
				);
				HEADER_SEARCH_PATHS = (
					"$(inherited)",
					"\"${PODS_CONFIGURATION_BUILD_DIR}/Alamofire/Alamofire.framework/Headers\"",
					"\"${PODS_CONFIGURATION_BUILD_DIR}/KSPlayer/KSPlayer.framework/Headers\"",
					"\"${PODS_CONFIGURATION_BUILD_DIR}/Kingfisher/Kingfisher.framework/Headers\"",
					"\"${PODS_CONFIGURATION_BUILD_DIR}/LookinServer/LookinServer.framework/Headers\"",
					"\"${PODS_CONFIGURATION_BUILD_DIR}/PINCache/PINCache.framework/Headers\"",
					"\"${PODS_CONFIGURATION_BUILD_DIR}/PINOperation/PINOperation.framework/Headers\"",
					"\"${PODS_CONFIGURATION_BUILD_DIR}/PINRemoteImage/PINRemoteImage.framework/Headers\"",
					"\"${PODS_CONFIGURATION_BUILD_DIR}/PhoneNumberKit/PhoneNumberKit.framework/Headers\"",
					"\"${PODS_CONFIGURATION_BUILD_DIR}/SwiftSignalKit/SwiftSignalKit.framework/Headers\"",
					"\"${PODS_CONFIGURATION_BUILD_DIR}/SwiftyJSON/SwiftyJSON.framework/Headers\"",
					"\"${PODS_CONFIGURATION_BUILD_DIR}/Texture/AsyncDisplayKit.framework/Headers\"",
				);
				INFOPLIST_FILE = 3332323/Info.plist;
				IPHONEOS_DEPLOYMENT_TARGET = 13.0;
				LD_RUNPATH_SEARCH_PATHS = (
					"$(inherited)",
					"@executable_path/Frameworks",
				);
				LIBRARY_SEARCH_PATHS = (
					"$(inherited)",
					"$(PROJECT_DIR)/3332323/Thirds/FFmpeg-iOS4.1/lib",
				);
				PRODUCT_BUNDLE_IDENTIFIER = com.332323;
				PRODUCT_NAME = "$(TARGET_NAME)";
				PROVISIONING_PROFILE_SPECIFIER = "";
				SWIFT_OBJC_BRIDGING_HEADER = "";
				SWIFT_VERSION = 5.0;
				TARGETED_DEVICE_FAMILY = 1;
			};
			name = Release;
		};
/* End XCBuildConfiguration section */

/* Begin XCConfigurationList section */
		63A66772269861B4009235A3 /* Build configuration list for PBXProject "3332323" */ = {
			isa = XCConfigurationList;
			buildConfigurations = (
				63A66789269861B5009235A3 /* Debug */,
				63A6678A269861B5009235A3 /* Release */,
			);
			defaultConfigurationIsVisible = 0;
			defaultConfigurationName = Release;
		};
		63A6678B269861B5009235A3 /* Build configuration list for PBXNativeTarget "3332323" */ = {
			isa = XCConfigurationList;
			buildConfigurations = (
				63A6678C269861B5009235A3 /* Debug */,
				63A6678D269861B5009235A3 /* Release */,
			);
			defaultConfigurationIsVisible = 0;
			defaultConfigurationName = Release;
		};
/* End XCConfigurationList section */
	};
	rootObject = 63A6676F269861B4009235A3 /* Project object */;
}
